
Microsoft Visual Studio Solution File, Format Version 12.00
# Visual Studio 15
VisualStudioVersion = 15.0.28307.271
MinimumVisualStudioVersion = 10.0.40219.1
Project("{FAE04EC0-301F-11D3-BF4B-00C04F79EFBC}") = "NonStickMouse", "NonStickMouse\NonStickMouse.csproj", "{C36D7DF1-2CDE-4F5D-9535-BEAE32448408}"
EndProject
Global
	GlobalSection(SolutionConfigurationPlatforms) = preSolution
		Debug|Any CPU = Debug|Any CPU
		Release|Any CPU = Release|Any CPU
	EndGlobalSection
	GlobalSection(ProjectConfigurationPlatforms) = postSolution
		{C36D7DF1-2CDE-4F5D-9535-BEAE32448408}.Debug|Any CPU.ActiveCfg = Debug|Any CPU
		{C36D7DF1-2CDE-4F5D-9535-BEAE32448408}.Debug|Any CPU.Build.0 = Debug|Any CPU
		{C36D7DF1-2CDE-4F5D-9535-BEAE32448408}.Release|Any CPU.ActiveCfg = Release|Any CPU
		{C36D7DF1-2CDE-4F5D-9535-BEAE32448408}.Release|Any CPU.Build.0 = Release|Any CPU
	EndGlobalSection
	GlobalSection(SolutionProperties) = preSolution
		HideSolutionNode = FALSE
	EndGlobalSection
	GlobalSection(ExtensibilityGlobals) = postSolution
		SolutionGuid = {10C4A231-659F-4D3F-8EDE-B8A16127B3E8}
	EndGlobalSection
EndGlobal
